
Microsoft Visual Studio Solution File, Format Version 12.00
# Visual Studio 15
VisualStudioVersion = 15.0.28010.2048
MinimumVisualStudioVersion = 10.0.40219.1
Project("{FAE04EC0-301F-11D3-BF4B-00C04F79EFBC}") = "RestApi", "RestApi\RestApi.csproj", "{A7130344-FC73-448D-B625-776372B6BAE7}"
EndProject
Global
	GlobalSection(SolutionConfigurationPlatforms) = preSolution
		Debug|Any CPU = Debug|Any CPU
		Release|Any CPU = Release|Any CPU
	EndGlobalSection
	GlobalSection(ProjectConfigurationPlatforms) = postSolution
		{A7130344-FC73-448D-B625-776372B6BAE7}.Debug|Any CPU.ActiveCfg = Debug|Any CPU
		{A7130344-FC73-448D-B625-776372B6BAE7}.Debug|Any CPU.Build.0 = Debug|Any CPU
		{A7130344-FC73-448D-B625-776372B6BAE7}.Release|Any CPU.ActiveCfg = Release|Any CPU
		{A7130344-FC73-448D-B625-776372B6BAE7}.Release|Any CPU.Build.0 = Release|Any CPU
	EndGlobalSection
	GlobalSection(SolutionProperties) = preSolution
		HideSolutionNode = FALSE
	EndGlobalSection
	GlobalSection(ExtensibilityGlobals) = postSolution
		SolutionGuid = {1E5D3B66-E66C-4F72-9193-79053A5A3310}
	EndGlobalSection
EndGlobal
